// !$*UTF8*$!
{
	archiveVersion = 1;
	classes = {
	};
	objectVersion = 46;
	objects = {

/* Begin PBXBuildFile section */
		AAB6970A6963A675954B6818 /* Pods_TwitterDemo.framework in Frameworks */ = {isa = PBXBuildFile; fileRef = 49FAA8694ACA169159C287A2 /* Pods_TwitterDemo.framework */; };
		B37C47FC1EA0A2BE00FB2C28 /* TweetDetailViewController.swift in Sources */ = {isa = PBXBuildFile; fileRef = B37C47FB1EA0A2BE00FB2C28 /* TweetDetailViewController.swift */; };
		B37C47FE1EA1E0B300FB2C28 /* TweetDetailCell.swift in Sources */ = {isa = PBXBuildFile; fileRef = B37C47FD1EA1E0B300FB2C28 /* TweetDetailCell.swift */; };
		B383C40C1E9C93BB00720273 /* AppDelegate.swift in Sources */ = {isa = PBXBuildFile; fileRef = B383C40B1E9C93BB00720273 /* AppDelegate.swift */; };
		B383C4111E9C93BB00720273 /* Main.storyboard in Resources */ = {isa = PBXBuildFile; fileRef = B383C40F1E9C93BB00720273 /* Main.storyboard */; };
		B383C4131E9C93BB00720273 /* Assets.xcassets in Resources */ = {isa = PBXBuildFile; fileRef = B383C4121E9C93BB00720273 /* Assets.xcassets */; };
		B383C4161E9C93BB00720273 /* LaunchScreen.storyboard in Resources */ = {isa = PBXBuildFile; fileRef = B383C4141E9C93BB00720273 /* LaunchScreen.storyboard */; };
		B383C41E1E9C963900720273 /* LoginViewController.swift in Sources */ = {isa = PBXBuildFile; fileRef = B383C41D1E9C963900720273 /* LoginViewController.swift */; };
		B383C4231E9DEE8D00720273 /* User.swift in Sources */ = {isa = PBXBuildFile; fileRef = B383C4221E9DEE8D00720273 /* User.swift */; };
		B383C4251E9DEEA000720273 /* Tweet.swift in Sources */ = {isa = PBXBuildFile; fileRef = B383C4241E9DEEA000720273 /* Tweet.swift */; };
		B383C4271E9DFF9900720273 /* TwitterClient.swift in Sources */ = {isa = PBXBuildFile; fileRef = B383C4261E9DFF9900720273 /* TwitterClient.swift */; };
		B383C4291E9EC44900720273 /* TweetsViewController.swift in Sources */ = {isa = PBXBuildFile; fileRef = B383C4281E9EC44900720273 /* TweetsViewController.swift */; };
		B383C42B1E9F32FA00720273 /* TweetCell.swift in Sources */ = {isa = PBXBuildFile; fileRef = B383C42A1E9F32FA00720273 /* TweetCell.swift */; };
		B383C42D1E9F534200720273 /* Secrets.plist in Resources */ = {isa = PBXBuildFile; fileRef = B383C42C1E9F534200720273 /* Secrets.plist */; };
		B383C42F1E9F544B00720273 /* Secrets.swift in Sources */ = {isa = PBXBuildFile; fileRef = B383C42E1E9F544B00720273 /* Secrets.swift */; };
/* End PBXBuildFile section */

/* Begin PBXFileReference section */
		49FAA8694ACA169159C287A2 /* Pods_TwitterDemo.framework */ = {isa = PBXFileReference; explicitFileType = wrapper.framework; includeInIndex = 0; path = Pods_TwitterDemo.framework; sourceTree = BUILT_PRODUCTS_DIR; };
		86225BE877AE5C1A6D4A6D20 /* Pods-TwitterDemo.debug.xcconfig */ = {isa = PBXFileReference; includeInIndex = 1; lastKnownFileType = text.xcconfig; name = "Pods-TwitterDemo.debug.xcconfig"; path = "Pods/Target Support Files/Pods-TwitterDemo/Pods-TwitterDemo.debug.xcconfig"; sourceTree = "<group>"; };
		B37C47FB1EA0A2BE00FB2C28 /* TweetDetailViewController.swift */ = {isa = PBXFileReference; fileEncoding = 4; lastKnownFileType = sourcecode.swift; path = TweetDetailViewController.swift; sourceTree = "<group>"; };
		B37C47FD1EA1E0B300FB2C28 /* TweetDetailCell.swift */ = {isa = PBXFileReference; fileEncoding = 4; lastKnownFileType = sourcecode.swift; path = TweetDetailCell.swift; sourceTree = "<group>"; };
		B383C4081E9C93BB00720273 /* TwitterDemo.app */ = {isa = PBXFileReference; explicitFileType = wrapper.application; includeInIndex = 0; path = TwitterDemo.app; sourceTree = BUILT_PRODUCTS_DIR; };
		B383C40B1E9C93BB00720273 /* AppDelegate.swift */ = {isa = PBXFileReference; lastKnownFileType = sourcecode.swift; path = AppDelegate.swift; sourceTree = "<group>"; };
		B383C4101E9C93BB00720273 /* Base */ = {isa = PBXFileReference; lastKnownFileType = file.storyboard; name = Base; path = Base.lproj/Main.storyboard; sourceTree = "<group>"; };
		B383C4121E9C93BB00720273 /* Assets.xcassets */ = {isa = PBXFileReference; lastKnownFileType = folder.assetcatalog; path = Assets.xcassets; sourceTree = "<group>"; };
		B383C4151E9C93BB00720273 /* Base */ = {isa = PBXFileReference; lastKnownFileType = file.storyboard; name = Base; path = Base.lproj/LaunchScreen.storyboard; sourceTree = "<group>"; };
		B383C4171E9C93BB00720273 /* Info.plist */ = {isa = PBXFileReference; lastKnownFileType = text.plist.xml; path = Info.plist; sourceTree = "<group>"; };
		B383C41D1E9C963900720273 /* LoginViewController.swift */ = {isa = PBXFileReference; fileEncoding = 4; lastKnownFileType = sourcecode.swift; path = LoginViewController.swift; sourceTree = "<group>"; };
		B383C4221E9DEE8D00720273 /* User.swift */ = {isa = PBXFileReference; fileEncoding = 4; lastKnownFileType = sourcecode.swift; path = User.swift; sourceTree = "<group>"; };
		B383C4241E9DEEA000720273 /* Tweet.swift */ = {isa = PBXFileReference; fileEncoding = 4; lastKnownFileType = sourcecode.swift; path = Tweet.swift; sourceTree = "<group>"; };
		B383C4261E9DFF9900720273 /* TwitterClient.swift */ = {isa = PBXFileReference; fileEncoding = 4; lastKnownFileType = sourcecode.swift; path = TwitterClient.swift; sourceTree = "<group>"; };
		B383C4281E9EC44900720273 /* TweetsViewController.swift */ = {isa = PBXFileReference; fileEncoding = 4; lastKnownFileType = sourcecode.swift; path = TweetsViewController.swift; sourceTree = "<group>"; };
		B383C42A1E9F32FA00720273 /* TweetCell.swift */ = {isa = PBXFileReference; fileEncoding = 4; lastKnownFileType = sourcecode.swift; path = TweetCell.swift; sourceTree = "<group>"; };
		B383C42C1E9F534200720273 /* Secrets.plist */ = {isa = PBXFileReference; fileEncoding = 4; lastKnownFileType = text.plist.xml; path = Secrets.plist; sourceTree = "<group>"; };
		B383C42E1E9F544B00720273 /* Secrets.swift */ = {isa = PBXFileReference; fileEncoding = 4; lastKnownFileType = sourcecode.swift; path = Secrets.swift; sourceTree = "<group>"; };
		B7FAFEEDE372E62009D1F394 /* Pods-TwitterDemo.release.xcconfig */ = {isa = PBXFileReference; includeInIndex = 1; lastKnownFileType = text.xcconfig; name = "Pods-TwitterDemo.release.xcconfig"; path = "Pods/Target Support Files/Pods-TwitterDemo/Pods-TwitterDemo.release.xcconfig"; sourceTree = "<group>"; };
/* End PBXFileReference section */

/* Begin PBXFrameworksBuildPhase section */
		B383C4051E9C93BA00720273 /* Frameworks */ = {
			isa = PBXFrameworksBuildPhase;
			buildActionMask = 2147483647;
			files = (
				AAB6970A6963A675954B6818 /* Pods_TwitterDemo.framework in Frameworks */,
			);
			runOnlyForDeploymentPostprocessing = 0;
		};
/* End PBXFrameworksBuildPhase section */

/* Begin PBXGroup section */
		89A0F92B66AD716B6EF988D5 /* Pods */ = {
			isa = PBXGroup;
			children = (
				86225BE877AE5C1A6D4A6D20 /* Pods-TwitterDemo.debug.xcconfig */,
				B7FAFEEDE372E62009D1F394 /* Pods-TwitterDemo.release.xcconfig */,
			);
			name = Pods;
			sourceTree = "<group>";
		};
		B383C3FF1E9C93BA00720273 = {
			isa = PBXGroup;
			children = (
				B383C40A1E9C93BB00720273 /* TwitterDemo */,
				B383C4091E9C93BB00720273 /* Products */,
				89A0F92B66AD716B6EF988D5 /* Pods */,
				D852FAC92A8E373418EAE684 /* Frameworks */,
			);
			sourceTree = "<group>";
		};
		B383C4091E9C93BB00720273 /* Products */ = {
			isa = PBXGroup;
			children = (
				B383C4081E9C93BB00720273 /* TwitterDemo.app */,
			);
			name = Products;
			sourceTree = "<group>";
		};
		B383C40A1E9C93BB00720273 /* TwitterDemo */ = {
			isa = PBXGroup;
			children = (
				B383C4211E9DEE6C00720273 /* API */,
				B383C4201E9DEE5A00720273 /* Models */,
				B383C41F1E9DEE4A00720273 /* View Controllers */,
				B383C40B1E9C93BB00720273 /* AppDelegate.swift */,
				B383C40F1E9C93BB00720273 /* Main.storyboard */,
				B383C4121E9C93BB00720273 /* Assets.xcassets */,
				B383C4141E9C93BB00720273 /* LaunchScreen.storyboard */,
				B383C4171E9C93BB00720273 /* Info.plist */,
				B383C42A1E9F32FA00720273 /* TweetCell.swift */,
				B37C47FD1EA1E0B300FB2C28 /* TweetDetailCell.swift */,
				B383C42C1E9F534200720273 /* Secrets.plist */,
				B383C42E1E9F544B00720273 /* Secrets.swift */,
			);
			path = TwitterDemo;
			sourceTree = "<group>";
		};
		B383C41F1E9DEE4A00720273 /* View Controllers */ = {
			isa = PBXGroup;
			children = (
				B383C41D1E9C963900720273 /* LoginViewController.swift */,
				B383C4281E9EC44900720273 /* TweetsViewController.swift */,
				B37C47FB1EA0A2BE00FB2C28 /* TweetDetailViewController.swift */,
			);
			name = "View Controllers";
			sourceTree = "<group>";
		};
		B383C4201E9DEE5A00720273 /* Models */ = {
			isa = PBXGroup;
			children = (
				B383C4221E9DEE8D00720273 /* User.swift */,
				B383C4241E9DEEA000720273 /* Tweet.swift */,
			);
			name = Models;
			sourceTree = "<group>";
		};
		B383C4211E9DEE6C00720273 /* API */ = {
			isa = PBXGroup;
			children = (
				B383C4261E9DFF9900720273 /* TwitterClient.swift */,
			);
			name = API;
			sourceTree = "<group>";
		};
		D852FAC92A8E373418EAE684 /* Frameworks */ = {
			isa = PBXGroup;
			children = (
				49FAA8694ACA169159C287A2 /* Pods_TwitterDemo.framework */,
			);
			name = Frameworks;
			sourceTree = "<group>";
		};
/* End PBXGroup section */

/* Begin PBXNativeTarget section */
		B383C4071E9C93BA00720273 /* TwitterDemo */ = {
			isa = PBXNativeTarget;
			buildConfigurationList = B383C41A1E9C93BB00720273 /* Build configuration list for PBXNativeTarget "TwitterDemo" */;
			buildPhases = (
				D29FCC59D4AB33F9B48713A3 /* [CP] Check Pods Manifest.lock */,
				B383C4041E9C93BA00720273 /* Sources */,
				B383C4051E9C93BA00720273 /* Frameworks */,
				B383C4061E9C93BA00720273 /* Resources */,
				08CF16A0ED0C8D9B304DC533 /* [CP] Embed Pods Frameworks */,
				6FB27D910B041E149D1DEE2D /* [CP] Copy Pods Resources */,
			);
			buildRules = (
			);
			dependencies = (
			);
			name = TwitterDemo;
			productName = TwitterDemo;
			productReference = B383C4081E9C93BB00720273 /* TwitterDemo.app */;
			productType = "com.apple.product-type.application";
		};
/* End PBXNativeTarget section */

/* Begin PBXProject section */
		B383C4001E9C93BA00720273 /* Project object */ = {
			isa = PBXProject;
			attributes = {
				LastSwiftUpdateCheck = 0820;
				LastUpgradeCheck = 0820;
				ORGANIZATIONNAME = "Angie Lal";
				TargetAttributes = {
					B383C4071E9C93BA00720273 = {
						CreatedOnToolsVersion = 8.2.1;
						ProvisioningStyle = Automatic;
					};
				};
			};
			buildConfigurationList = B383C4031E9C93BA00720273 /* Build configuration list for PBXProject "TwitterDemo" */;
			compatibilityVersion = "Xcode 3.2";
			developmentRegion = English;
			hasScannedForEncodings = 0;
			knownRegions = (
				en,
				Base,
			);
			mainGroup = B383C3FF1E9C93BA00720273;
			productRefGroup = B383C4091E9C93BB00720273 /* Products */;
			projectDirPath = "";
			projectRoot = "";
			targets = (
				B383C4071E9C93BA00720273 /* TwitterDemo */,
			);
		};
/* End PBXProject section */

/* Begin PBXResourcesBuildPhase section */
		B383C4061E9C93BA00720273 /* Resources */ = {
			isa = PBXResourcesBuildPhase;
			buildActionMask = 2147483647;
			files = (
				B383C42D1E9F534200720273 /* Secrets.plist in Resources */,
				B383C4161E9C93BB00720273 /* LaunchScreen.storyboard in Resources */,
				B383C4131E9C93BB00720273 /* Assets.xcassets in Resources */,
				B383C4111E9C93BB00720273 /* Main.storyboard in Resources */,
			);
			runOnlyForDeploymentPostprocessing = 0;
		};
/* End PBXResourcesBuildPhase section */

/* Begin PBXShellScriptBuildPhase section */
		08CF16A0ED0C8D9B304DC533 /* [CP] Embed Pods Frameworks */ = {
			isa = PBXShellScriptBuildPhase;
			buildActionMask = 2147483647;
			files = (
			);
			inputPaths = (
			);
			name = "[CP] Embed Pods Frameworks";
			outputPaths = (
			);
			runOnlyForDeploymentPostprocessing = 0;
			shellPath = /bin/sh;
			shellScript = "\"${SRCROOT}/Pods/Target Support Files/Pods-TwitterDemo/Pods-TwitterDemo-frameworks.sh\"\n";
			showEnvVarsInLog = 0;
		};
		6FB27D910B041E149D1DEE2D /* [CP] Copy Pods Resources */ = {
			isa = PBXShellScriptBuildPhase;
			buildActionMask = 2147483647;
			files = (
			);
			inputPaths = (
			);
			name = "[CP] Copy Pods Resources";
			outputPaths = (
			);
			runOnlyForDeploymentPostprocessing = 0;
			shellPath = /bin/sh;
			shellScript = "\"${SRCROOT}/Pods/Target Support Files/Pods-TwitterDemo/Pods-TwitterDemo-resources.sh\"\n";
			showEnvVarsInLog = 0;
		};
		D29FCC59D4AB33F9B48713A3 /* [CP] Check Pods Manifest.lock */ = {
			isa = PBXShellScriptBuildPhase;
			buildActionMask = 2147483647;
			files = (
			);
			inputPaths = (
			);
			name = "[CP] Check Pods Manifest.lock";
			outputPaths = (
			);
			runOnlyForDeploymentPostprocessing = 0;
			shellPath = /bin/sh;
			shellScript = "diff \"${PODS_ROOT}/../Podfile.lock\" \"${PODS_ROOT}/Manifest.lock\" > /dev/null\nif [ $? != 0 ] ; then\n    # print error to STDERR\n    echo \"error: The sandbox is not in sync with the Podfile.lock. Run 'pod install' or update your CocoaPods installation.\" >&2\n    exit 1\nfi\n";
			showEnvVarsInLog = 0;
		};
/* End PBXShellScriptBuildPhase section */

/* Begin PBXSourcesBuildPhase section */
		B383C4041E9C93BA00720273 /* Sources */ = {
			isa = PBXSourcesBuildPhase;
			buildActionMask = 2147483647;
			files = (
				B383C4231E9DEE8D00720273 /* User.swift in Sources */,
				B383C42F1E9F544B00720273 /* Secrets.swift in Sources */,
				B37C47FC1EA0A2BE00FB2C28 /* TweetDetailViewController.swift in Sources */,
				B383C42B1E9F32FA00720273 /* TweetCell.swift in Sources */,
				B383C4251E9DEEA000720273 /* Tweet.swift in Sources */,
				B383C41E1E9C963900720273 /* LoginViewController.swift in Sources */,
				B383C4291E9EC44900720273 /* TweetsViewController.swift in Sources */,
				B383C4271E9DFF9900720273 /* TwitterClient.swift in Sources */,
				B37C47FE1EA1E0B300FB2C28 /* TweetDetailCell.swift in Sources */,
				B383C40C1E9C93BB00720273 /* AppDelegate.swift in Sources */,
			);
			runOnlyForDeploymentPostprocessing = 0;
		};
/* End PBXSourcesBuildPhase section */

/* Begin PBXVariantGroup section */
		B383C40F1E9C93BB00720273 /* Main.storyboard */ = {
			isa = PBXVariantGroup;
			children = (
				B383C4101E9C93BB00720273 /* Base */,
			);
			name = Main.storyboard;
			sourceTree = "<group>";
		};
		B383C4141E9C93BB00720273 /* LaunchScreen.storyboard */ = {
			isa = PBXVariantGroup;
			children = (
				B383C4151E9C93BB00720273 /* Base */,
			);
			name = LaunchScreen.storyboard;
			sourceTree = "<group>";
		};
/* End PBXVariantGroup section */

/* Begin XCBuildConfiguration section */
		B383C4181E9C93BB00720273 /* Debug */ = {
			isa = XCBuildConfiguration;
			buildSettings = {
				ALWAYS_SEARCH_USER_PATHS = NO;
				CLANG_ANALYZER_NONNULL = YES;
				CLANG_CXX_LANGUAGE_STANDARD = "gnu++0x";
				CLANG_CXX_LIBRARY = "libc++";
				CLANG_ENABLE_MODULES = YES;
				CLANG_ENABLE_OBJC_ARC = YES;
				CLANG_WARN_BOOL_CONVERSION = YES;
				CLANG_WARN_CONSTANT_CONVERSION = YES;
				CLANG_WARN_DIRECT_OBJC_ISA_USAGE = YES_ERROR;
				CLANG_WARN_DOCUMENTATION_COMMENTS = YES;
				CLANG_WARN_EMPTY_BODY = YES;
				CLANG_WARN_ENUM_CONVERSION = YES;
				CLANG_WARN_INFINITE_RECURSION = YES;
				CLANG_WARN_INT_CONVERSION = YES;
				CLANG_WARN_OBJC_ROOT_CLASS = YES_ERROR;
				CLANG_WARN_SUSPICIOUS_MOVE = YES;
				CLANG_WARN_UNREACHABLE_CODE = YES;
				CLANG_WARN__DUPLICATE_METHOD_MATCH = YES;
				"CODE_SIGN_IDENTITY[sdk=iphoneos*]" = "iPhone Developer";
				COPY_PHASE_STRIP = NO;
				DEBUG_INFORMATION_FORMAT = dwarf;
				ENABLE_STRICT_OBJC_MSGSEND = YES;
				ENABLE_TESTABILITY = YES;
				GCC_C_LANGUAGE_STANDARD = gnu99;
				GCC_DYNAMIC_NO_PIC = NO;
				GCC_NO_COMMON_BLOCKS = YES;
				GCC_OPTIMIZATION_LEVEL = 0;
				GCC_PREPROCESSOR_DEFINITIONS = (
					"DEBUG=1",
					"$(inherited)",
				);
				GCC_WARN_64_TO_32_BIT_CONVERSION = YES;
				GCC_WARN_ABOUT_RETURN_TYPE = YES_ERROR;
				GCC_WARN_UNDECLARED_SELECTOR = YES;
				GCC_WARN_UNINITIALIZED_AUTOS = YES_AGGRESSIVE;
				GCC_WARN_UNUSED_FUNCTION = YES;
				GCC_WARN_UNUSED_VARIABLE = YES;
				IPHONEOS_DEPLOYMENT_TARGET = 10.2;
				MTL_ENABLE_DEBUG_INFO = YES;
				ONLY_ACTIVE_ARCH = YES;
				SDKROOT = iphoneos;
				SWIFT_ACTIVE_COMPILATION_CONDITIONS = DEBUG;
				SWIFT_OPTIMIZATION_LEVEL = "-Onone";
			};
			name = Debug;
		};
		B383C4191E9C93BB00720273 /* Release */ = {
			isa = XCBuildConfiguration;
			buildSettings = {
				ALWAYS_SEARCH_USER_PATHS = NO;
				CLANG_ANALYZER_NONNULL = YES;
				CLANG_CXX_LANGUAGE_STANDARD = "gnu++0x";
				CLANG_CXX_LIBRARY = "libc++";
				CLANG_ENABLE_MODULES = YES;
				CLANG_ENABLE_OBJC_ARC = YES;
				CLANG_WARN_BOOL_CONVERSION = YES;
				CLANG_WARN_CONSTANT_CONVERSION = YES;
				CLANG_WARN_DIRECT_OBJC_ISA_USAGE = YES_ERROR;
				CLANG_WARN_DOCUMENTATION_COMMENTS = YES;
				CLANG_WARN_EMPTY_BODY = YES;
				CLANG_WARN_ENUM_CONVERSION = YES;
				CLANG_WARN_INFINITE_RECURSION = YES;
				CLANG_WARN_INT_CONVERSION = YES;
				CLANG_WARN_OBJC_ROOT_CLASS = YES_ERROR;
				CLANG_WARN_SUSPICIOUS_MOVE = YES;
				CLANG_WARN_UNREACHABLE_CODE = YES;
				CLANG_WARN__DUPLICATE_METHOD_MATCH = YES;
				"CODE_SIGN_IDENTITY[sdk=iphoneos*]" = "iPhone Developer";
				COPY_PHASE_STRIP = NO;
				DEBUG_INFORMATION_FORMAT = "dwarf-with-dsym";
				ENABLE_NS_ASSERTIONS = NO;
				ENABLE_STRICT_OBJC_MSGSEND = YES;
				GCC_C_LANGUAGE_STANDARD = gnu99;
				GCC_NO_COMMON_BLOCKS = YES;
				GCC_WARN_64_TO_32_BIT_CONVERSION = YES;
				GCC_WARN_ABOUT_RETURN_TYPE = YES_ERROR;
				GCC_WARN_UNDECLARED_SELECTOR = YES;
				GCC_WARN_UNINITIALIZED_AUTOS = YES_AGGRESSIVE;
				GCC_WARN_UNUSED_FUNCTION = YES;
				GCC_WARN_UNUSED_VARIABLE = YES;
				IPHONEOS_DEPLOYMENT_TARGET = 10.2;
				MTL_ENABLE_DEBUG_INFO = NO;
				SDKROOT = iphoneos;
				SWIFT_OPTIMIZATION_LEVEL = "-Owholemodule";
				VALIDATE_PRODUCT = YES;
			};
			name = Release;
		};
		B383C41B1E9C93BB00720273 /* Debug */ = {
			isa = XCBuildConfiguration;
			baseConfigurationReference = 86225BE877AE5C1A6D4A6D20 /* Pods-TwitterDemo.debug.xcconfig */;
			buildSettings = {
				ASSETCATALOG_COMPILER_APPICON_NAME = AppIcon;
				INFOPLIST_FILE = TwitterDemo/Info.plist;
				LD_RUNPATH_SEARCH_PATHS = "$(inherited) @executable_path/Frameworks";
				PRODUCT_BUNDLE_IDENTIFIER = com.angielal.TwitterDemo;
				PRODUCT_NAME = "$(TARGET_NAME)";
				SWIFT_VERSION = 3.0;
			};
			name = Debug;
		};
		B383C41C1E9C93BB00720273 /* Release */ = {
			isa = XCBuildConfiguration;
			baseConfigurationReference = B7FAFEEDE372E62009D1F394 /* Pods-TwitterDemo.release.xcconfig */;
			buildSettings = {
				ASSETCATALOG_COMPILER_APPICON_NAME = AppIcon;
				INFOPLIST_FILE = TwitterDemo/Info.plist;
				LD_RUNPATH_SEARCH_PATHS = "$(inherited) @executable_path/Frameworks";
				PRODUCT_BUNDLE_IDENTIFIER = com.angielal.TwitterDemo;
				PRODUCT_NAME = "$(TARGET_NAME)";
				SWIFT_VERSION = 3.0;
			};
			name = Release;
		};
/* End XCBuildConfiguration section */

/* Begin XCConfigurationList section */
		B383C4031E9C93BA00720273 /* Build configuration list for PBXProject "TwitterDemo" */ = {
			isa = XCConfigurationList;
			buildConfigurations = (
				B383C4181E9C93BB00720273 /* Debug */,
				B383C4191E9C93BB00720273 /* Release */,
			);
			defaultConfigurationIsVisible = 0;
			defaultConfigurationName = Release;
		};
		B383C41A1E9C93BB00720273 /* Build configuration list for PBXNativeTarget "TwitterDemo" */ = {
			isa = XCConfigurationList;
			buildConfigurations = (
				B383C41B1E9C93BB00720273 /* Debug */,
				B383C41C1E9C93BB00720273 /* Release */,
			);
			defaultConfigurationIsVisible = 0;
			defaultConfigurationName = Release;
		};
/* End XCConfigurationList section */
	};
	rootObject = B383C4001E9C93BA00720273 /* Project object */;
}
